
Microsoft Visual Studio Solution File, Format Version 12.00
# Visual Studio Version 17
VisualStudioVersion = 17.8.34316.72
MinimumVisualStudioVersion = 10.0.40219.1
Project("{FAE04EC0-301F-11D3-BF4B-00C04F79EFBC}") = "StudentForm", "StudentForm.csproj", "{984EECC7-6525-4B33-B2AD-BA32CE49526F}"
EndProject
Global
	GlobalSection(SolutionConfigurationPlatforms) = preSolution
		Debug|Any CPU = Debug|Any CPU
		Release|Any CPU = Release|Any CPU
	EndGlobalSection
	GlobalSection(ProjectConfigurationPlatforms) = postSolution
		{984EECC7-6525-4B33-B2AD-BA32CE49526F}.Debug|Any CPU.ActiveCfg = Debug|Any CPU
		{984EECC7-6525-4B33-B2AD-BA32CE49526F}.Debug|Any CPU.Build.0 = Debug|Any CPU
		{984EECC7-6525-4B33-B2AD-BA32CE49526F}.Release|Any CPU.ActiveCfg = Release|Any CPU
		{984EECC7-6525-4B33-B2AD-BA32CE49526F}.Release|Any CPU.Build.0 = Release|Any CPU
	EndGlobalSection
	GlobalSection(SolutionProperties) = preSolution
		HideSolutionNode = FALSE
	EndGlobalSection
	GlobalSection(ExtensibilityGlobals) = postSolution
		SolutionGuid = {57C21B45-6E05-436D-B583-0623F4F2C881}
	EndGlobalSection
EndGlobal
